
Microsoft Visual Studio Solution File, Format Version 12.00
# Visual Studio 15
VisualStudioVersion = 15.0.28307.645
MinimumVisualStudioVersion = 10.0.40219.1
Project("{FAE04EC0-301F-11D3-BF4B-00C04F79EFBC}") = "iitu.web.example", "iitu.web.example\iitu.web.example.csproj", "{7F67D2E8-D83A-46F7-AE41-C5A12DB162D3}"
EndProject
Global
	GlobalSection(SolutionConfigurationPlatforms) = preSolution
		Debug|Any CPU = Debug|Any CPU
		Release|Any CPU = Release|Any CPU
	EndGlobalSection
	GlobalSection(ProjectConfigurationPlatforms) = postSolution
		{7F67D2E8-D83A-46F7-AE41-C5A12DB162D3}.Debug|Any CPU.ActiveCfg = Debug|Any CPU
		{7F67D2E8-D83A-46F7-AE41-C5A12DB162D3}.Debug|Any CPU.Build.0 = Debug|Any CPU
		{7F67D2E8-D83A-46F7-AE41-C5A12DB162D3}.Release|Any CPU.ActiveCfg = Release|Any CPU
		{7F67D2E8-D83A-46F7-AE41-C5A12DB162D3}.Release|Any CPU.Build.0 = Release|Any CPU
	EndGlobalSection
	GlobalSection(SolutionProperties) = preSolution
		HideSolutionNode = FALSE
	EndGlobalSection
	GlobalSection(ExtensibilityGlobals) = postSolution
		SolutionGuid = {8F70C6A3-8CD5-4579-BDD1-969D3034FADE}
	EndGlobalSection
EndGlobal
